
Microsoft Visual Studio Solution File, Format Version 12.00
# Visual Studio Version 17
VisualStudioVersion = 17.13.35806.99
MinimumVisualStudioVersion = 10.0.40219.1
Project("{FAE04EC0-301F-11D3-BF4B-00C04F79EFBC}") = "Csharp-Writeline", "Csharp-Writeline.csproj", "{2B07F148-757F-4C66-AF54-D66ED5491F4B}"
EndProject
Project("{FAE04EC0-301F-11D3-BF4B-00C04F79EFBC}") = "Csharp-VariablesAndDataType", "..\Csharp-VariablesAndDataType\Csharp-VariablesAndDataType.csproj", "{78D5CB88-6A28-448D-B2D3-F63ADBDFF1A6}"
EndProject
Project("{FAE04EC0-301F-11D3-BF4B-00C04F79EFBC}") = "Csharp-BasicInputOutput", "..\Csharp-BasicInputOutput\Csharp-BasicInputOutput.csproj", "{6902F263-35DB-4172-AD1A-222B9A6A3338}"
EndProject
Project("{FAE04EC0-301F-11D3-BF4B-00C04F79EFBC}") = "Csharp-DatatypeConversion", "..\Csharp-DatatypeConversion\Csharp-DatatypeConversion.csproj", "{3ABC0655-DAFF-4C24-94BA-72A54A535464}"
EndProject
Project("{FAE04EC0-301F-11D3-BF4B-00C04F79EFBC}") = "Csharp-ArithmeticOperators", "..\Csharp-ArithmeticOperators\Csharp-ArithmeticOperators.csproj", "{671B4398-0C1B-4BD0-BDD8-AAC01C85CDD3}"
EndProject
Project("{FAE04EC0-301F-11D3-BF4B-00C04F79EFBC}") = "Csharp-ConditionalStatements", "..\Csharp-ConditionalStatements\Csharp-ConditionalStatements.csproj", "{58883C0F-4941-4941-826C-9E34DFAE2A8A}"
EndProject
Project("{FAE04EC0-301F-11D3-BF4B-00C04F79EFBC}") = "Csharp-SwitchStatements", "..\Csharp-SwitchStatements\Csharp-SwitchStatements.csproj", "{87EB9390-B083-41C0-8B5D-767E5E40438C}"
EndProject
Project("{FAE04EC0-301F-11D3-BF4B-00C04F79EFBC}") = "Csharp-While&DoWhile", "..\Csharp-While&DoWhile\Csharp-While&DoWhile.csproj", "{FD8B4647-8EAD-4F27-A421-DC20E512E67D}"
EndProject
Project("{FAE04EC0-301F-11D3-BF4B-00C04F79EFBC}") = "Csharp-ForLoop", "..\Csharp-ForLoop\Csharp-ForLoop.csproj", "{E0B728EB-4DE2-4496-96E7-F5C480FEF6C3}"
EndProject
Project("{FAE04EC0-301F-11D3-BF4B-00C04F79EFBC}") = "Csharp-Arrays", "..\Csharp-Arrays\Csharp-Arrays.csproj", "{E3C74196-EEF5-45C0-8067-8BC2813F6782}"
EndProject
Project("{FAE04EC0-301F-11D3-BF4B-00C04F79EFBC}") = "Csharp-Functions", "..\Csharp-Functions\Csharp-Functions.csproj", "{2249968C-C69C-4445-9048-2FF937EA0A99}"
EndProject
Project("{FAE04EC0-301F-11D3-BF4B-00C04F79EFBC}") = "Csharp-FunctionParameters", "..\Csharp-FunctionParameters\Csharp-FunctionParameters.csproj", "{E0696097-5C04-47E5-B6D7-67D67F1BE348}"
EndProject
Project("{FAE04EC0-301F-11D3-BF4B-00C04F79EFBC}") = "Csharp-OverloadingMethods", "..\Csharp-OverloadingMethods\Csharp-OverloadingMethods.csproj", "{1274B8B4-2B1E-42AA-8906-B6FA968D6D66}"
EndProject
Project("{FAE04EC0-301F-11D3-BF4B-00C04F79EFBC}") = "Csharp-SummationOfNumbersChallenge-Function-Lesson9", "..\Csharp-SummationOfNumbersChallenge-Function-Lesson9\Csharp-SummationOfNumbersChallenge-Function-Lesson9.csproj", "{99B9F597-701A-4BB8-A057-DEA0FD97425A}"
EndProject
Project("{FAE04EC0-301F-11D3-BF4B-00C04F79EFBC}") = "Csharp-Classess&Objects", "..\Csharp-Classess&Objects\Csharp-Classess&Objects.csproj", "{F73AB672-DDD9-46B8-97C7-9E3A24CC8399}"
EndProject
Project("{FAE04EC0-301F-11D3-BF4B-00C04F79EFBC}") = "Csharp-Constructors", "..\Csharp-Constructors\Csharp-Constructors.csproj", "{E5ED06C6-C1CC-4189-BB5B-66BBA4EB3D70}"
EndProject
Project("{FAE04EC0-301F-11D3-BF4B-00C04F79EFBC}") = "Csharp-ConstructorChallenge-UserInputObjectCreation", "..\Csharp-ConstructorChallenge-UserInputObjectCreation\Csharp-ConstructorChallenge-UserInputObjectCreation.csproj", "{DE2DF99D-23D3-49C8-B5BE-02E76F98AAA5}"
EndProject
Project("{FAE04EC0-301F-11D3-BF4B-00C04F79EFBC}") = "Csharp-ObjectMethods", "..\Csharp-ObjectMethods\Csharp-ObjectMethods.csproj", "{31293871-171D-45F9-8815-C5C0E43C7873}"
EndProject
Project("{FAE04EC0-301F-11D3-BF4B-00C04F79EFBC}") = "Csharp-ObjectMethodChallenge", "..\Csharp-ObjectMethodChallenge\Csharp-ObjectMethodChallenge.csproj", "{8B9E44FD-4E2B-4139-A7BD-29F677A4ACF5}"
EndProject
Project("{FAE04EC0-301F-11D3-BF4B-00C04F79EFBC}") = "Csharp-Inheritance", "..\Csharp-Inheritance\Csharp-Inheritance.csproj", "{F217728F-19E8-4DC3-887C-FD49048E197E}"
EndProject
Project("{FAE04EC0-301F-11D3-BF4B-00C04F79EFBC}") = "Csharp-Inheritance-Overriding Methods", "..\Csharp-Inheritance-Overriding Methods\Csharp-Inheritance-Overriding Methods.csproj", "{812C8E6D-0021-4A5E-B1DF-DF71F77628D6}"
EndProject
Project("{FAE04EC0-301F-11D3-BF4B-00C04F79EFBC}") = "Csharp-Inheritance-Example-withoverriding", "..\Csharp-Inheritance-Example-withoverriding\Csharp-Inheritance-Example-withoverriding.csproj", "{4E4E2286-72D5-4567-82EE-F18B80E88FB0}"
EndProject
Project("{FAE04EC0-301F-11D3-BF4B-00C04F79EFBC}") = "Csharp-Encapsulation", "..\Csharp-Encapsulation\Csharp-Encapsulation.csproj", "{823E65ED-1385-4CE4-B19C-44A21AB3A6DE}"
EndProject
Project("{FAE04EC0-301F-11D3-BF4B-00C04F79EFBC}") = "Csharp-Encapsulation-AutomaticProperty", "..\Csharp-Encapsulation-AutomaticProperty\Csharp-Encapsulation-AutomaticProperty.csproj", "{415C4EC0-5D6F-492F-BEBA-D56D36A5E472}"
EndProject
Project("{FAE04EC0-301F-11D3-BF4B-00C04F79EFBC}") = "Csharp-Polymorphism", "..\Csharp-Polymorphism\Csharp-Polymorphism.csproj", "{BB6BEA89-6655-4255-81BD-A716AD1FF267}"
EndProject
Project("{FAE04EC0-301F-11D3-BF4B-00C04F79EFBC}") = "Csharp-Abstraction", "..\Csharp-Abstraction\Csharp-Abstraction.csproj", "{C2817F39-7CA5-4A01-A8DE-00727CB0AB32}"
EndProject
Project("{FAE04EC0-301F-11D3-BF4B-00C04F79EFBC}") = "Csharp-ExceptionHandling", "..\Csharp-ExceptionHandling\Csharp-ExceptionHandling.csproj", "{38DBC642-4506-42FA-A858-BA1D54DB9D8B}"
EndProject
Global
	GlobalSection(SolutionConfigurationPlatforms) = preSolution
		Debug|Any CPU = Debug|Any CPU
		Release|Any CPU = Release|Any CPU
	EndGlobalSection
	GlobalSection(ProjectConfigurationPlatforms) = postSolution
		{2B07F148-757F-4C66-AF54-D66ED5491F4B}.Debug|Any CPU.ActiveCfg = Debug|Any CPU
		{2B07F148-757F-4C66-AF54-D66ED5491F4B}.Debug|Any CPU.Build.0 = Debug|Any CPU
		{2B07F148-757F-4C66-AF54-D66ED5491F4B}.Release|Any CPU.ActiveCfg = Release|Any CPU
		{2B07F148-757F-4C66-AF54-D66ED5491F4B}.Release|Any CPU.Build.0 = Release|Any CPU
		{78D5CB88-6A28-448D-B2D3-F63ADBDFF1A6}.Debug|Any CPU.ActiveCfg = Debug|Any CPU
		{78D5CB88-6A28-448D-B2D3-F63ADBDFF1A6}.Debug|Any CPU.Build.0 = Debug|Any CPU
		{78D5CB88-6A28-448D-B2D3-F63ADBDFF1A6}.Release|Any CPU.ActiveCfg = Release|Any CPU
		{78D5CB88-6A28-448D-B2D3-F63ADBDFF1A6}.Release|Any CPU.Build.0 = Release|Any CPU
		{6902F263-35DB-4172-AD1A-222B9A6A3338}.Debug|Any CPU.ActiveCfg = Debug|Any CPU
		{6902F263-35DB-4172-AD1A-222B9A6A3338}.Debug|Any CPU.Build.0 = Debug|Any CPU
		{6902F263-35DB-4172-AD1A-222B9A6A3338}.Release|Any CPU.ActiveCfg = Release|Any CPU
		{6902F263-35DB-4172-AD1A-222B9A6A3338}.Release|Any CPU.Build.0 = Release|Any CPU
		{3ABC0655-DAFF-4C24-94BA-72A54A535464}.Debug|Any CPU.ActiveCfg = Debug|Any CPU
		{3ABC0655-DAFF-4C24-94BA-72A54A535464}.Debug|Any CPU.Build.0 = Debug|Any CPU
		{3ABC0655-DAFF-4C24-94BA-72A54A535464}.Release|Any CPU.ActiveCfg = Release|Any CPU
		{3ABC0655-DAFF-4C24-94BA-72A54A535464}.Release|Any CPU.Build.0 = Release|Any CPU
		{671B4398-0C1B-4BD0-BDD8-AAC01C85CDD3}.Debug|Any CPU.ActiveCfg = Debug|Any CPU
		{671B4398-0C1B-4BD0-BDD8-AAC01C85CDD3}.Debug|Any CPU.Build.0 = Debug|Any CPU
		{671B4398-0C1B-4BD0-BDD8-AAC01C85CDD3}.Release|Any CPU.ActiveCfg = Release|Any CPU
		{671B4398-0C1B-4BD0-BDD8-AAC01C85CDD3}.Release|Any CPU.Build.0 = Release|Any CPU
		{58883C0F-4941-4941-826C-9E34DFAE2A8A}.Debug|Any CPU.ActiveCfg = Debug|Any CPU
		{58883C0F-4941-4941-826C-9E34DFAE2A8A}.Debug|Any CPU.Build.0 = Debug|Any CPU
		{58883C0F-4941-4941-826C-9E34DFAE2A8A}.Release|Any CPU.ActiveCfg = Release|Any CPU
		{58883C0F-4941-4941-826C-9E34DFAE2A8A}.Release|Any CPU.Build.0 = Release|Any CPU
		{87EB9390-B083-41C0-8B5D-767E5E40438C}.Debug|Any CPU.ActiveCfg = Debug|Any CPU
		{87EB9390-B083-41C0-8B5D-767E5E40438C}.Debug|Any CPU.Build.0 = Debug|Any CPU
		{87EB9390-B083-41C0-8B5D-767E5E40438C}.Release|Any CPU.ActiveCfg = Release|Any CPU
		{87EB9390-B083-41C0-8B5D-767E5E40438C}.Release|Any CPU.Build.0 = Release|Any CPU
		{FD8B4647-8EAD-4F27-A421-DC20E512E67D}.Debug|Any CPU.ActiveCfg = Debug|Any CPU
		{FD8B4647-8EAD-4F27-A421-DC20E512E67D}.Debug|Any CPU.Build.0 = Debug|Any CPU
		{FD8B4647-8EAD-4F27-A421-DC20E512E67D}.Release|Any CPU.ActiveCfg = Release|Any CPU
		{FD8B4647-8EAD-4F27-A421-DC20E512E67D}.Release|Any CPU.Build.0 = Release|Any CPU
		{E0B728EB-4DE2-4496-96E7-F5C480FEF6C3}.Debug|Any CPU.ActiveCfg = Debug|Any CPU
		{E0B728EB-4DE2-4496-96E7-F5C480FEF6C3}.Debug|Any CPU.Build.0 = Debug|Any CPU
		{E0B728EB-4DE2-4496-96E7-F5C480FEF6C3}.Release|Any CPU.ActiveCfg = Release|Any CPU
		{E0B728EB-4DE2-4496-96E7-F5C480FEF6C3}.Release|Any CPU.Build.0 = Release|Any CPU
		{E3C74196-EEF5-45C0-8067-8BC2813F6782}.Debug|Any CPU.ActiveCfg = Debug|Any CPU
		{E3C74196-EEF5-45C0-8067-8BC2813F6782}.Debug|Any CPU.Build.0 = Debug|Any CPU
		{E3C74196-EEF5-45C0-8067-8BC2813F6782}.Release|Any CPU.ActiveCfg = Release|Any CPU
		{E3C74196-EEF5-45C0-8067-8BC2813F6782}.Release|Any CPU.Build.0 = Release|Any CPU
		{2249968C-C69C-4445-9048-2FF937EA0A99}.Debug|Any CPU.ActiveCfg = Debug|Any CPU
		{2249968C-C69C-4445-9048-2FF937EA0A99}.Debug|Any CPU.Build.0 = Debug|Any CPU
		{2249968C-C69C-4445-9048-2FF937EA0A99}.Release|Any CPU.ActiveCfg = Release|Any CPU
		{2249968C-C69C-4445-9048-2FF937EA0A99}.Release|Any CPU.Build.0 = Release|Any CPU
		{E0696097-5C04-47E5-B6D7-67D67F1BE348}.Debug|Any CPU.ActiveCfg = Debug|Any CPU
		{E0696097-5C04-47E5-B6D7-67D67F1BE348}.Debug|Any CPU.Build.0 = Debug|Any CPU
		{E0696097-5C04-47E5-B6D7-67D67F1BE348}.Release|Any CPU.ActiveCfg = Release|Any CPU
		{E0696097-5C04-47E5-B6D7-67D67F1BE348}.Release|Any CPU.Build.0 = Release|Any CPU
		{1274B8B4-2B1E-42AA-8906-B6FA968D6D66}.Debug|Any CPU.ActiveCfg = Debug|Any CPU
		{1274B8B4-2B1E-42AA-8906-B6FA968D6D66}.Debug|Any CPU.Build.0 = Debug|Any CPU
		{1274B8B4-2B1E-42AA-8906-B6FA968D6D66}.Release|Any CPU.ActiveCfg = Release|Any CPU
		{1274B8B4-2B1E-42AA-8906-B6FA968D6D66}.Release|Any CPU.Build.0 = Release|Any CPU
		{99B9F597-701A-4BB8-A057-DEA0FD97425A}.Debug|Any CPU.ActiveCfg = Debug|Any CPU
		{99B9F597-701A-4BB8-A057-DEA0FD97425A}.Debug|Any CPU.Build.0 = Debug|Any CPU
		{99B9F597-701A-4BB8-A057-DEA0FD97425A}.Release|Any CPU.ActiveCfg = Release|Any CPU
		{99B9F597-701A-4BB8-A057-DEA0FD97425A}.Release|Any CPU.Build.0 = Release|Any CPU
		{F73AB672-DDD9-46B8-97C7-9E3A24CC8399}.Debug|Any CPU.ActiveCfg = Debug|Any CPU
		{F73AB672-DDD9-46B8-97C7-9E3A24CC8399}.Debug|Any CPU.Build.0 = Debug|Any CPU
		{F73AB672-DDD9-46B8-97C7-9E3A24CC8399}.Release|Any CPU.ActiveCfg = Release|Any CPU
		{F73AB672-DDD9-46B8-97C7-9E3A24CC8399}.Release|Any CPU.Build.0 = Release|Any CPU
		{E5ED06C6-C1CC-4189-BB5B-66BBA4EB3D70}.Debug|Any CPU.ActiveCfg = Debug|Any CPU
		{E5ED06C6-C1CC-4189-BB5B-66BBA4EB3D70}.Debug|Any CPU.Build.0 = Debug|Any CPU
		{E5ED06C6-C1CC-4189-BB5B-66BBA4EB3D70}.Release|Any CPU.ActiveCfg = Release|Any CPU
		{E5ED06C6-C1CC-4189-BB5B-66BBA4EB3D70}.Release|Any CPU.Build.0 = Release|Any CPU
		{DE2DF99D-23D3-49C8-B5BE-02E76F98AAA5}.Debug|Any CPU.ActiveCfg = Debug|Any CPU
		{DE2DF99D-23D3-49C8-B5BE-02E76F98AAA5}.Debug|Any CPU.Build.0 = Debug|Any CPU
		{DE2DF99D-23D3-49C8-B5BE-02E76F98AAA5}.Release|Any CPU.ActiveCfg = Release|Any CPU
		{DE2DF99D-23D3-49C8-B5BE-02E76F98AAA5}.Release|Any CPU.Build.0 = Release|Any CPU
		{31293871-171D-45F9-8815-C5C0E43C7873}.Debug|Any CPU.ActiveCfg = Debug|Any CPU
		{31293871-171D-45F9-8815-C5C0E43C7873}.Debug|Any CPU.Build.0 = Debug|Any CPU
		{31293871-171D-45F9-8815-C5C0E43C7873}.Release|Any CPU.ActiveCfg = Release|Any CPU
		{31293871-171D-45F9-8815-C5C0E43C7873}.Release|Any CPU.Build.0 = Release|Any CPU
		{8B9E44FD-4E2B-4139-A7BD-29F677A4ACF5}.Debug|Any CPU.ActiveCfg = Debug|Any CPU
		{8B9E44FD-4E2B-4139-A7BD-29F677A4ACF5}.Debug|Any CPU.Build.0 = Debug|Any CPU
		{8B9E44FD-4E2B-4139-A7BD-29F677A4ACF5}.Release|Any CPU.ActiveCfg = Release|Any CPU
		{8B9E44FD-4E2B-4139-A7BD-29F677A4ACF5}.Release|Any CPU.Build.0 = Release|Any CPU
		{F217728F-19E8-4DC3-887C-FD49048E197E}.Debug|Any CPU.ActiveCfg = Debug|Any CPU
		{F217728F-19E8-4DC3-887C-FD49048E197E}.Debug|Any CPU.Build.0 = Debug|Any CPU
		{F217728F-19E8-4DC3-887C-FD49048E197E}.Release|Any CPU.ActiveCfg = Release|Any CPU
		{F217728F-19E8-4DC3-887C-FD49048E197E}.Release|Any CPU.Build.0 = Release|Any CPU
		{812C8E6D-0021-4A5E-B1DF-DF71F77628D6}.Debug|Any CPU.ActiveCfg = Debug|Any CPU
		{812C8E6D-0021-4A5E-B1DF-DF71F77628D6}.Debug|Any CPU.Build.0 = Debug|Any CPU
		{812C8E6D-0021-4A5E-B1DF-DF71F77628D6}.Release|Any CPU.ActiveCfg = Release|Any CPU
		{812C8E6D-0021-4A5E-B1DF-DF71F77628D6}.Release|Any CPU.Build.0 = Release|Any CPU
		{4E4E2286-72D5-4567-82EE-F18B80E88FB0}.Debug|Any CPU.ActiveCfg = Debug|Any CPU
		{4E4E2286-72D5-4567-82EE-F18B80E88FB0}.Debug|Any CPU.Build.0 = Debug|Any CPU
		{4E4E2286-72D5-4567-82EE-F18B80E88FB0}.Release|Any CPU.ActiveCfg = Release|Any CPU
		{4E4E2286-72D5-4567-82EE-F18B80E88FB0}.Release|Any CPU.Build.0 = Release|Any CPU
		{823E65ED-1385-4CE4-B19C-44A21AB3A6DE}.Debug|Any CPU.ActiveCfg = Debug|Any CPU
		{823E65ED-1385-4CE4-B19C-44A21AB3A6DE}.Debug|Any CPU.Build.0 = Debug|Any CPU
		{823E65ED-1385-4CE4-B19C-44A21AB3A6DE}.Release|Any CPU.ActiveCfg = Release|Any CPU
		{823E65ED-1385-4CE4-B19C-44A21AB3A6DE}.Release|Any CPU.Build.0 = Release|Any CPU
		{415C4EC0-5D6F-492F-BEBA-D56D36A5E472}.Debug|Any CPU.ActiveCfg = Debug|Any CPU
		{415C4EC0-5D6F-492F-BEBA-D56D36A5E472}.Debug|Any CPU.Build.0 = Debug|Any CPU
		{415C4EC0-5D6F-492F-BEBA-D56D36A5E472}.Release|Any CPU.ActiveCfg = Release|Any CPU
		{415C4EC0-5D6F-492F-BEBA-D56D36A5E472}.Release|Any CPU.Build.0 = Release|Any CPU
		{BB6BEA89-6655-4255-81BD-A716AD1FF267}.Debug|Any CPU.ActiveCfg = Debug|Any CPU
		{BB6BEA89-6655-4255-81BD-A716AD1FF267}.Debug|Any CPU.Build.0 = Debug|Any CPU
		{BB6BEA89-6655-4255-81BD-A716AD1FF267}.Release|Any CPU.ActiveCfg = Release|Any CPU
		{BB6BEA89-6655-4255-81BD-A716AD1FF267}.Release|Any CPU.Build.0 = Release|Any CPU
		{C2817F39-7CA5-4A01-A8DE-00727CB0AB32}.Debug|Any CPU.ActiveCfg = Debug|Any CPU
		{C2817F39-7CA5-4A01-A8DE-00727CB0AB32}.Debug|Any CPU.Build.0 = Debug|Any CPU
		{C2817F39-7CA5-4A01-A8DE-00727CB0AB32}.Release|Any CPU.ActiveCfg = Release|Any CPU
		{C2817F39-7CA5-4A01-A8DE-00727CB0AB32}.Release|Any CPU.Build.0 = Release|Any CPU
		{38DBC642-4506-42FA-A858-BA1D54DB9D8B}.Debug|Any CPU.ActiveCfg = Debug|Any CPU
		{38DBC642-4506-42FA-A858-BA1D54DB9D8B}.Debug|Any CPU.Build.0 = Debug|Any CPU
		{38DBC642-4506-42FA-A858-BA1D54DB9D8B}.Release|Any CPU.ActiveCfg = Release|Any CPU
		{38DBC642-4506-42FA-A858-BA1D54DB9D8B}.Release|Any CPU.Build.0 = Release|Any CPU
	EndGlobalSection
	GlobalSection(SolutionProperties) = preSolution
		HideSolutionNode = FALSE
	EndGlobalSection
	GlobalSection(ExtensibilityGlobals) = postSolution
		SolutionGuid = {C859EDF1-1F78-4390-BC87-CFECFA241E0F}
	EndGlobalSection
EndGlobal
